
Microsoft Visual Studio Solution File, Format Version 12.00
Project("{FAE04EC0-301F-11D3-BF4B-00C04F79EFBC}") = "ByteBites.API", "ByteBites.API\ByteBites.API.csproj", "{3388DF9F-1E10-458E-9EFF-D0095AFCC276}"
EndProject
Global
	GlobalSection(SolutionConfigurationPlatforms) = preSolution
		Debug|Any CPU = Debug|Any CPU
		Release|Any CPU = Release|Any CPU
	EndGlobalSection
	GlobalSection(ProjectConfigurationPlatforms) = postSolution
		{3388DF9F-1E10-458E-9EFF-D0095AFCC276}.Debug|Any CPU.ActiveCfg = Debug|Any CPU
		{3388DF9F-1E10-458E-9EFF-D0095AFCC276}.Debug|Any CPU.Build.0 = Debug|Any CPU
		{3388DF9F-1E10-458E-9EFF-D0095AFCC276}.Release|Any CPU.ActiveCfg = Release|Any CPU
		{3388DF9F-1E10-458E-9EFF-D0095AFCC276}.Release|Any CPU.Build.0 = Release|Any CPU
	EndGlobalSection
EndGlobal
